
Microsoft Visual Studio Solution File, Format Version 12.00
# Visual Studio Version 17
VisualStudioVersion = 17.14.36408.4 d17.14
MinimumVisualStudioVersion = 10.0.40219.1
Project("{FAE04EC0-301F-11D3-BF4B-00C04F79EFBC}") = "CentralCICD.Dashboard", "CentralCICD.Dashboard.csproj", "{FC4FDCC0-FF15-5EA6-2FA9-9A80C00D15FB}"
EndProject
Global
	GlobalSection(SolutionConfigurationPlatforms) = preSolution
		Debug|Any CPU = Debug|Any CPU
		Release|Any CPU = Release|Any CPU
	EndGlobalSection
	GlobalSection(ProjectConfigurationPlatforms) = postSolution
		{FC4FDCC0-FF15-5EA6-2FA9-9A80C00D15FB}.Debug|Any CPU.ActiveCfg = Debug|Any CPU
		{FC4FDCC0-FF15-5EA6-2FA9-9A80C00D15FB}.Debug|Any CPU.Build.0 = Debug|Any CPU
		{FC4FDCC0-FF15-5EA6-2FA9-9A80C00D15FB}.Release|Any CPU.ActiveCfg = Release|Any CPU
		{FC4FDCC0-FF15-5EA6-2FA9-9A80C00D15FB}.Release|Any CPU.Build.0 = Release|Any CPU
	EndGlobalSection
	GlobalSection(SolutionProperties) = preSolution
		HideSolutionNode = FALSE
	EndGlobalSection
	GlobalSection(ExtensibilityGlobals) = postSolution
		SolutionGuid = {70004B2D-33A2-4D0A-9177-BD5299255F3E}
	EndGlobalSection
EndGlobal
